
Microsoft Visual Studio Solution File, Format Version 12.00
# Visual Studio 15
VisualStudioVersion = 15.0.27130.2020
MinimumVisualStudioVersion = 10.0.40219.1
Project("{FAE04EC0-301F-11D3-BF4B-00C04F79EFBC}") = "ErfanCoImageUploader", "ErfanCoImageUploader\ErfanCoImageUploader.csproj", "{6CE82691-735B-4AF2-A744-77383C7259AD}"
EndProject
Global
	GlobalSection(SolutionConfigurationPlatforms) = preSolution
		Debug|Any CPU = Debug|Any CPU
		Release|Any CPU = Release|Any CPU
	EndGlobalSection
	GlobalSection(ProjectConfigurationPlatforms) = postSolution
		{6CE82691-735B-4AF2-A744-77383C7259AD}.Debug|Any CPU.ActiveCfg = Debug|Any CPU
		{6CE82691-735B-4AF2-A744-77383C7259AD}.Debug|Any CPU.Build.0 = Debug|Any CPU
		{6CE82691-735B-4AF2-A744-77383C7259AD}.Release|Any CPU.ActiveCfg = Release|Any CPU
		{6CE82691-735B-4AF2-A744-77383C7259AD}.Release|Any CPU.Build.0 = Release|Any CPU
	EndGlobalSection
	GlobalSection(SolutionProperties) = preSolution
		HideSolutionNode = FALSE
	EndGlobalSection
	GlobalSection(ExtensibilityGlobals) = postSolution
		SolutionGuid = {96D7ADA4-7CF8-47C9-93B7-B0569D3F7B58}
	EndGlobalSection
EndGlobal
